
Microsoft Visual Studio Solution File, Format Version 12.00
# Visual Studio Version 17
VisualStudioVersion = 17.11.35208.52
MinimumVisualStudioVersion = 10.0.40219.1
Project("{FAE04EC0-301F-11D3-BF4B-00C04F79EFBC}") = "UFAR.DM.Checkpoint", "UFAR.DM.Checkpoint\UFAR.DM.Checkpoint.csproj", "{B1471AAA-857B-4C3B-9700-24760C72B939}"
EndProject
Global
	GlobalSection(SolutionConfigurationPlatforms) = preSolution
		Debug|Any CPU = Debug|Any CPU
		Release|Any CPU = Release|Any CPU
	EndGlobalSection
	GlobalSection(ProjectConfigurationPlatforms) = postSolution
		{B1471AAA-857B-4C3B-9700-24760C72B939}.Debug|Any CPU.ActiveCfg = Debug|Any CPU
		{B1471AAA-857B-4C3B-9700-24760C72B939}.Debug|Any CPU.Build.0 = Debug|Any CPU
		{B1471AAA-857B-4C3B-9700-24760C72B939}.Release|Any CPU.ActiveCfg = Release|Any CPU
		{B1471AAA-857B-4C3B-9700-24760C72B939}.Release|Any CPU.Build.0 = Release|Any CPU
	EndGlobalSection
	GlobalSection(SolutionProperties) = preSolution
		HideSolutionNode = FALSE
	EndGlobalSection
	GlobalSection(ExtensibilityGlobals) = postSolution
		SolutionGuid = {7BB30F1F-A614-4C10-A1A3-D1F054F1DB47}
	EndGlobalSection
EndGlobal
